
Microsoft Visual Studio Solution File, Format Version 11.00
# Visual Studio 2010
Project("{FAE04EC0-301F-11D3-BF4B-00C04F79EFBC}") = "RowCounter", "RowCounter\RowCounter.csproj", "{D3A2D0B7-1B32-42D0-BF62-81044B1A233D}"
EndProject
Global
	GlobalSection(SolutionConfigurationPlatforms) = preSolution
		Debug|Any CPU = Debug|Any CPU
		Release|Any CPU = Release|Any CPU
	EndGlobalSection
	GlobalSection(ProjectConfigurationPlatforms) = postSolution
		{D3A2D0B7-1B32-42D0-BF62-81044B1A233D}.Debug|Any CPU.ActiveCfg = Debug|Any CPU
		{D3A2D0B7-1B32-42D0-BF62-81044B1A233D}.Debug|Any CPU.Build.0 = Debug|Any CPU
		{D3A2D0B7-1B32-42D0-BF62-81044B1A233D}.Release|Any CPU.ActiveCfg = Release|Any CPU
		{D3A2D0B7-1B32-42D0-BF62-81044B1A233D}.Release|Any CPU.Build.0 = Release|Any CPU
	EndGlobalSection
	GlobalSection(SolutionProperties) = preSolution
		HideSolutionNode = FALSE
	EndGlobalSection
EndGlobal
